
Microsoft Visual Studio Solution File, Format Version 12.00
# Visual Studio Version 16
VisualStudioVersion = 16.0.31702.278
MinimumVisualStudioVersion = 10.0.40219.1
Project("{FAE04EC0-301F-11D3-BF4B-00C04F79EFBC}") = "Snake", "Snake\Snake.csproj", "{532B52FB-8CEA-45F1-847E-27935AD2267C}"
EndProject
Global
	GlobalSection(SolutionConfigurationPlatforms) = preSolution
		Debug|Any CPU = Debug|Any CPU
		Release|Any CPU = Release|Any CPU
	EndGlobalSection
	GlobalSection(ProjectConfigurationPlatforms) = postSolution
		{532B52FB-8CEA-45F1-847E-27935AD2267C}.Debug|Any CPU.ActiveCfg = Debug|Any CPU
		{532B52FB-8CEA-45F1-847E-27935AD2267C}.Debug|Any CPU.Build.0 = Debug|Any CPU
		{532B52FB-8CEA-45F1-847E-27935AD2267C}.Release|Any CPU.ActiveCfg = Release|Any CPU
		{532B52FB-8CEA-45F1-847E-27935AD2267C}.Release|Any CPU.Build.0 = Release|Any CPU
	EndGlobalSection
	GlobalSection(SolutionProperties) = preSolution
		HideSolutionNode = FALSE
	EndGlobalSection
	GlobalSection(ExtensibilityGlobals) = postSolution
		SolutionGuid = {C3656CF2-9D18-4758-9634-9B816FBD6DD6}
	EndGlobalSection
EndGlobal
